
Microsoft Visual Studio Solution File, Format Version 12.00
# Visual Studio Version 17
VisualStudioVersion = 17.6.33723.286
MinimumVisualStudioVersion = 10.0.40219.1
Project("{FAE04EC0-301F-11D3-BF4B-00C04F79EFBC}") = "GUI Project group Work", "GUI Project group Work.csproj", "{08BAAECC-FB2D-4BA8-AD65-4CC744CCDB72}"
EndProject
Global
	GlobalSection(SolutionConfigurationPlatforms) = preSolution
		Debug|Any CPU = Debug|Any CPU
		Release|Any CPU = Release|Any CPU
	EndGlobalSection
	GlobalSection(ProjectConfigurationPlatforms) = postSolution
		{08BAAECC-FB2D-4BA8-AD65-4CC744CCDB72}.Debug|Any CPU.ActiveCfg = Debug|Any CPU
		{08BAAECC-FB2D-4BA8-AD65-4CC744CCDB72}.Debug|Any CPU.Build.0 = Debug|Any CPU
		{08BAAECC-FB2D-4BA8-AD65-4CC744CCDB72}.Release|Any CPU.ActiveCfg = Release|Any CPU
		{08BAAECC-FB2D-4BA8-AD65-4CC744CCDB72}.Release|Any CPU.Build.0 = Release|Any CPU
	EndGlobalSection
	GlobalSection(SolutionProperties) = preSolution
		HideSolutionNode = FALSE
	EndGlobalSection
	GlobalSection(ExtensibilityGlobals) = postSolution
		SolutionGuid = {F0C9AED0-E9AE-44EC-A2AC-F4898E359204}
	EndGlobalSection
EndGlobal
